// !$*UTF8*$!
{
	archiveVersion = 1;
	classes = {
	};
	objectVersion = 50;
	objects = {

/* Begin PBXBuildFile section */
		180806FE2577E28F00AA699F /* ViewController.swift in Sources */ = {isa = PBXBuildFile; fileRef = 180806FD2577E28F00AA699F /* ViewController.swift */; };
		180807422578F06B00AA699F /* CodeBasedViewController.swift in Sources */ = {isa = PBXBuildFile; fileRef = 180807412578F06B00AA699F /* CodeBasedViewController.swift */; };
		18FB40B4257F801E0090BD81 /* InputStackView.xib in Resources */ = {isa = PBXBuildFile; fileRef = 18FB40B3257F801E0090BD81 /* InputStackView.xib */; };
		18FB40B8257F82CC0090BD81 /* Viewcontroller2.swift in Sources */ = {isa = PBXBuildFile; fileRef = 18FB40B7257F82CC0090BD81 /* Viewcontroller2.swift */; };
		18FB40BB257F84ED0090BD81 /* InputStackView.swift in Sources */ = {isa = PBXBuildFile; fileRef = 18FB40BA257F84ED0090BD81 /* InputStackView.swift */; };
		18FD11B725779E0000BFF2B8 /* Main.storyboard in Resources */ = {isa = PBXBuildFile; fileRef = 18FD11B625779E0000BFF2B8 /* Main.storyboard */; };
		DF2DB7D125776012005F922C /* AppDelegate.swift in Sources */ = {isa = PBXBuildFile; fileRef = DF2DB7D025776012005F922C /* AppDelegate.swift */; };
		DF2DB7D325776012005F922C /* SceneDelegate.swift in Sources */ = {isa = PBXBuildFile; fileRef = DF2DB7D225776012005F922C /* SceneDelegate.swift */; };
		DF2DB7DA25776014005F922C /* Assets.xcassets in Resources */ = {isa = PBXBuildFile; fileRef = DF2DB7D925776014005F922C /* Assets.xcassets */; };
		DF2DB7DD25776014005F922C /* LaunchScreen.storyboard in Resources */ = {isa = PBXBuildFile; fileRef = DF2DB7DB25776014005F922C /* LaunchScreen.storyboard */; };
/* End PBXBuildFile section */

/* Begin PBXFileReference section */
		180806FD2577E28F00AA699F /* ViewController.swift */ = {isa = PBXFileReference; lastKnownFileType = sourcecode.swift; path = ViewController.swift; sourceTree = "<group>"; };
		180807412578F06B00AA699F /* CodeBasedViewController.swift */ = {isa = PBXFileReference; lastKnownFileType = sourcecode.swift; path = CodeBasedViewController.swift; sourceTree = "<group>"; };
		18FB40B3257F801E0090BD81 /* InputStackView.xib */ = {isa = PBXFileReference; lastKnownFileType = file.xib; path = InputStackView.xib; sourceTree = "<group>"; };
		18FB40B7257F82CC0090BD81 /* Viewcontroller2.swift */ = {isa = PBXFileReference; lastKnownFileType = sourcecode.swift; path = Viewcontroller2.swift; sourceTree = "<group>"; };
		18FB40BA257F84ED0090BD81 /* InputStackView.swift */ = {isa = PBXFileReference; lastKnownFileType = sourcecode.swift; path = InputStackView.swift; sourceTree = "<group>"; };
		18FD11B625779E0000BFF2B8 /* Main.storyboard */ = {isa = PBXFileReference; lastKnownFileType = file.storyboard; path = Main.storyboard; sourceTree = "<group>"; };
		DF2DB7CD25776012005F922C /* Tip Calculator.app */ = {isa = PBXFileReference; explicitFileType = wrapper.application; includeInIndex = 0; path = "Tip Calculator.app"; sourceTree = BUILT_PRODUCTS_DIR; };
		DF2DB7D025776012005F922C /* AppDelegate.swift */ = {isa = PBXFileReference; lastKnownFileType = sourcecode.swift; path = AppDelegate.swift; sourceTree = "<group>"; };
		DF2DB7D225776012005F922C /* SceneDelegate.swift */ = {isa = PBXFileReference; lastKnownFileType = sourcecode.swift; path = SceneDelegate.swift; sourceTree = "<group>"; };
		DF2DB7D925776014005F922C /* Assets.xcassets */ = {isa = PBXFileReference; lastKnownFileType = folder.assetcatalog; path = Assets.xcassets; sourceTree = "<group>"; };
		DF2DB7DC25776014005F922C /* Base */ = {isa = PBXFileReference; lastKnownFileType = file.storyboard; name = Base; path = Base.lproj/LaunchScreen.storyboard; sourceTree = "<group>"; };
		DF2DB7DE25776014005F922C /* Info.plist */ = {isa = PBXFileReference; lastKnownFileType = text.plist.xml; path = Info.plist; sourceTree = "<group>"; };
/* End PBXFileReference section */

/* Begin PBXFrameworksBuildPhase section */
		DF2DB7CA25776012005F922C /* Frameworks */ = {
			isa = PBXFrameworksBuildPhase;
			buildActionMask = 2147483647;
			files = (
			);
			runOnlyForDeploymentPostprocessing = 0;
		};
/* End PBXFrameworksBuildPhase section */

/* Begin PBXGroup section */
		DF2DB7C425776012005F922C = {
			isa = PBXGroup;
			children = (
				DF2DB7CF25776012005F922C /* Tip Calculator */,
				DF2DB7CE25776012005F922C /* Products */,
			);
			sourceTree = "<group>";
		};
		DF2DB7CE25776012005F922C /* Products */ = {
			isa = PBXGroup;
			children = (
				DF2DB7CD25776012005F922C /* Tip Calculator.app */,
			);
			name = Products;
			sourceTree = "<group>";
		};
		DF2DB7CF25776012005F922C /* Tip Calculator */ = {
			isa = PBXGroup;
			children = (
				DF2DB7D025776012005F922C /* AppDelegate.swift */,
				180806FD2577E28F00AA699F /* ViewController.swift */,
				18FB40B7257F82CC0090BD81 /* Viewcontroller2.swift */,
				DF2DB7D225776012005F922C /* SceneDelegate.swift */,
				DF2DB7D925776014005F922C /* Assets.xcassets */,
				18FD11B625779E0000BFF2B8 /* Main.storyboard */,
				18FB40B3257F801E0090BD81 /* InputStackView.xib */,
				18FB40BA257F84ED0090BD81 /* InputStackView.swift */,
				180807412578F06B00AA699F /* CodeBasedViewController.swift */,
				DF2DB7DB25776014005F922C /* LaunchScreen.storyboard */,
				DF2DB7DE25776014005F922C /* Info.plist */,
			);
			path = "Tip Calculator";
			sourceTree = "<group>";
		};
/* End PBXGroup section */

/* Begin PBXNativeTarget section */
		DF2DB7CC25776012005F922C /* Tip Calculator */ = {
			isa = PBXNativeTarget;
			buildConfigurationList = DF2DB7E125776014005F922C /* Build configuration list for PBXNativeTarget "Tip Calculator" */;
			buildPhases = (
				DF2DB7C925776012005F922C /* Sources */,
				DF2DB7CA25776012005F922C /* Frameworks */,
				DF2DB7CB25776012005F922C /* Resources */,
			);
			buildRules = (
			);
			dependencies = (
			);
			name = "Tip Calculator";
			productName = "Tip Calculator";
			productReference = DF2DB7CD25776012005F922C /* Tip Calculator.app */;
			productType = "com.apple.product-type.application";
		};
/* End PBXNativeTarget section */

/* Begin PBXProject section */
		DF2DB7C525776012005F922C /* Project object */ = {
			isa = PBXProject;
			attributes = {
				LastSwiftUpdateCheck = 1220;
				LastUpgradeCheck = 1220;
				TargetAttributes = {
					DF2DB7CC25776012005F922C = {
						CreatedOnToolsVersion = 12.2;
					};
				};
			};
			buildConfigurationList = DF2DB7C825776012005F922C /* Build configuration list for PBXProject "Tip Calculator" */;
			compatibilityVersion = "Xcode 9.3";
			developmentRegion = en;
			hasScannedForEncodings = 0;
			knownRegions = (
				en,
				Base,
			);
			mainGroup = DF2DB7C425776012005F922C;
			productRefGroup = DF2DB7CE25776012005F922C /* Products */;
			projectDirPath = "";
			projectRoot = "";
			targets = (
				DF2DB7CC25776012005F922C /* Tip Calculator */,
			);
		};
/* End PBXProject section */

/* Begin PBXResourcesBuildPhase section */
		DF2DB7CB25776012005F922C /* Resources */ = {
			isa = PBXResourcesBuildPhase;
			buildActionMask = 2147483647;
			files = (
				18FD11B725779E0000BFF2B8 /* Main.storyboard in Resources */,
				18FB40B4257F801E0090BD81 /* InputStackView.xib in Resources */,
				DF2DB7DD25776014005F922C /* LaunchScreen.storyboard in Resources */,
				DF2DB7DA25776014005F922C /* Assets.xcassets in Resources */,
			);
			runOnlyForDeploymentPostprocessing = 0;
		};
/* End PBXResourcesBuildPhase section */

/* Begin PBXSourcesBuildPhase section */
		DF2DB7C925776012005F922C /* Sources */ = {
			isa = PBXSourcesBuildPhase;
			buildActionMask = 2147483647;
			files = (
				180806FE2577E28F00AA699F /* ViewController.swift in Sources */,
				180807422578F06B00AA699F /* CodeBasedViewController.swift in Sources */,
				18FB40BB257F84ED0090BD81 /* InputStackView.swift in Sources */,
				DF2DB7D125776012005F922C /* AppDelegate.swift in Sources */,
				DF2DB7D325776012005F922C /* SceneDelegate.swift in Sources */,
				18FB40B8257F82CC0090BD81 /* Viewcontroller2.swift in Sources */,
			);
			runOnlyForDeploymentPostprocessing = 0;
		};
/* End PBXSourcesBuildPhase section */

/* Begin PBXVariantGroup section */
		DF2DB7DB25776014005F922C /* LaunchScreen.storyboard */ = {
			isa = PBXVariantGroup;
			children = (
				DF2DB7DC25776014005F922C /* Base */,
			);
			name = LaunchScreen.storyboard;
			sourceTree = "<group>";
		};
/* End PBXVariantGroup section */

/* Begin XCBuildConfiguration section */
		DF2DB7DF25776014005F922C /* Debug */ = {
			isa = XCBuildConfiguration;
			buildSettings = {
				ALWAYS_SEARCH_USER_PATHS = NO;
				CLANG_ANALYZER_NONNULL = YES;
				CLANG_ANALYZER_NUMBER_OBJECT_CONVERSION = YES_AGGRESSIVE;
				CLANG_CXX_LANGUAGE_STANDARD = "gnu++14";
				CLANG_CXX_LIBRARY = "libc++";
				CLANG_ENABLE_MODULES = YES;
				CLANG_ENABLE_OBJC_ARC = YES;
				CLANG_ENABLE_OBJC_WEAK = YES;
				CLANG_WARN_BLOCK_CAPTURE_AUTORELEASING = YES;
				CLANG_WARN_BOOL_CONVERSION = YES;
				CLANG_WARN_COMMA = YES;
				CLANG_WARN_CONSTANT_CONVERSION = YES;
				CLANG_WARN_DEPRECATED_OBJC_IMPLEMENTATIONS = YES;
				CLANG_WARN_DIRECT_OBJC_ISA_USAGE = YES_ERROR;
				CLANG_WARN_DOCUMENTATION_COMMENTS = YES;
				CLANG_WARN_EMPTY_BODY = YES;
				CLANG_WARN_ENUM_CONVERSION = YES;
				CLANG_WARN_INFINITE_RECURSION = YES;
				CLANG_WARN_INT_CONVERSION = YES;
				CLANG_WARN_NON_LITERAL_NULL_CONVERSION = YES;
				CLANG_WARN_OBJC_IMPLICIT_RETAIN_SELF = YES;
				CLANG_WARN_OBJC_LITERAL_CONVERSION = YES;
				CLANG_WARN_OBJC_ROOT_CLASS = YES_ERROR;
				CLANG_WARN_QUOTED_INCLUDE_IN_FRAMEWORK_HEADER = YES;
				CLANG_WARN_RANGE_LOOP_ANALYSIS = YES;
				CLANG_WARN_STRICT_PROTOTYPES = YES;
				CLANG_WARN_SUSPICIOUS_MOVE = YES;
				CLANG_WARN_UNGUARDED_AVAILABILITY = YES_AGGRESSIVE;
				CLANG_WARN_UNREACHABLE_CODE = YES;
				CLANG_WARN__DUPLICATE_METHOD_MATCH = YES;
				COPY_PHASE_STRIP = NO;
				DEBUG_INFORMATION_FORMAT = dwarf;
				ENABLE_STRICT_OBJC_MSGSEND = YES;
				ENABLE_TESTABILITY = YES;
				GCC_C_LANGUAGE_STANDARD = gnu11;
				GCC_DYNAMIC_NO_PIC = NO;
				GCC_NO_COMMON_BLOCKS = YES;
				GCC_OPTIMIZATION_LEVEL = 0;
				GCC_PREPROCESSOR_DEFINITIONS = (
					"DEBUG=1",
					"$(inherited)",
				);
				GCC_WARN_64_TO_32_BIT_CONVERSION = YES;
				GCC_WARN_ABOUT_RETURN_TYPE = YES_ERROR;
				GCC_WARN_UNDECLARED_SELECTOR = YES;
				GCC_WARN_UNINITIALIZED_AUTOS = YES_AGGRESSIVE;
				GCC_WARN_UNUSED_FUNCTION = YES;
				GCC_WARN_UNUSED_VARIABLE = YES;
				IPHONEOS_DEPLOYMENT_TARGET = 14.2;
				MTL_ENABLE_DEBUG_INFO = INCLUDE_SOURCE;
				MTL_FAST_MATH = YES;
				ONLY_ACTIVE_ARCH = YES;
				SDKROOT = iphoneos;
				SWIFT_ACTIVE_COMPILATION_CONDITIONS = DEBUG;
				SWIFT_OPTIMIZATION_LEVEL = "-Onone";
			};
			name = Debug;
		};
		DF2DB7E025776014005F922C /* Release */ = {
			isa = XCBuildConfiguration;
			buildSettings = {
				ALWAYS_SEARCH_USER_PATHS = NO;
				CLANG_ANALYZER_NONNULL = YES;
				CLANG_ANALYZER_NUMBER_OBJECT_CONVERSION = YES_AGGRESSIVE;
				CLANG_CXX_LANGUAGE_STANDARD = "gnu++14";
				CLANG_CXX_LIBRARY = "libc++";
				CLANG_ENABLE_MODULES = YES;
				CLANG_ENABLE_OBJC_ARC = YES;
				CLANG_ENABLE_OBJC_WEAK = YES;
				CLANG_WARN_BLOCK_CAPTURE_AUTORELEASING = YES;
				CLANG_WARN_BOOL_CONVERSION = YES;
				CLANG_WARN_COMMA = YES;
				CLANG_WARN_CONSTANT_CONVERSION = YES;
				CLANG_WARN_DEPRECATED_OBJC_IMPLEMENTATIONS = YES;
				CLANG_WARN_DIRECT_OBJC_ISA_USAGE = YES_ERROR;
				CLANG_WARN_DOCUMENTATION_COMMENTS = YES;
				CLANG_WARN_EMPTY_BODY = YES;
				CLANG_WARN_ENUM_CONVERSION = YES;
				CLANG_WARN_INFINITE_RECURSION = YES;
				CLANG_WARN_INT_CONVERSION = YES;
				CLANG_WARN_NON_LITERAL_NULL_CONVERSION = YES;
				CLANG_WARN_OBJC_IMPLICIT_RETAIN_SELF = YES;
				CLANG_WARN_OBJC_LITERAL_CONVERSION = YES;
				CLANG_WARN_OBJC_ROOT_CLASS = YES_ERROR;
				CLANG_WARN_QUOTED_INCLUDE_IN_FRAMEWORK_HEADER = YES;
				CLANG_WARN_RANGE_LOOP_ANALYSIS = YES;
				CLANG_WARN_STRICT_PROTOTYPES = YES;
				CLANG_WARN_SUSPICIOUS_MOVE = YES;
				CLANG_WARN_UNGUARDED_AVAILABILITY = YES_AGGRESSIVE;
				CLANG_WARN_UNREACHABLE_CODE = YES;
				CLANG_WARN__DUPLICATE_METHOD_MATCH = YES;
				COPY_PHASE_STRIP = NO;
				DEBUG_INFORMATION_FORMAT = "dwarf-with-dsym";
				ENABLE_NS_ASSERTIONS = NO;
				ENABLE_STRICT_OBJC_MSGSEND = YES;
				GCC_C_LANGUAGE_STANDARD = gnu11;
				GCC_NO_COMMON_BLOCKS = YES;
				GCC_WARN_64_TO_32_BIT_CONVERSION = YES;
				GCC_WARN_ABOUT_RETURN_TYPE = YES_ERROR;
				GCC_WARN_UNDECLARED_SELECTOR = YES;
				GCC_WARN_UNINITIALIZED_AUTOS = YES_AGGRESSIVE;
				GCC_WARN_UNUSED_FUNCTION = YES;
				GCC_WARN_UNUSED_VARIABLE = YES;
				IPHONEOS_DEPLOYMENT_TARGET = 14.2;
				MTL_ENABLE_DEBUG_INFO = NO;
				MTL_FAST_MATH = YES;
				SDKROOT = iphoneos;
				SWIFT_COMPILATION_MODE = wholemodule;
				SWIFT_OPTIMIZATION_LEVEL = "-O";
				VALIDATE_PRODUCT = YES;
			};
			name = Release;
		};
		DF2DB7E225776014005F922C /* Debug */ = {
			isa = XCBuildConfiguration;
			buildSettings = {
				ASSETCATALOG_COMPILER_APPICON_NAME = AppIcon;
				ASSETCATALOG_COMPILER_GLOBAL_ACCENT_COLOR_NAME = AccentColor;
				CODE_SIGN_STYLE = Automatic;
				INFOPLIST_FILE = "Tip Calculator/Info.plist";
				LD_RUNPATH_SEARCH_PATHS = (
					"$(inherited)",
					"@executable_path/Frameworks",
				);
				PRODUCT_BUNDLE_IDENTIFIER = "vn.miichisoft.Tip-Calculator";
				PRODUCT_NAME = "$(TARGET_NAME)";
				SWIFT_VERSION = 5.0;
				TARGETED_DEVICE_FAMILY = "1,2";
			};
			name = Debug;
		};
		DF2DB7E325776014005F922C /* Release */ = {
			isa = XCBuildConfiguration;
			buildSettings = {
				ASSETCATALOG_COMPILER_APPICON_NAME = AppIcon;
				ASSETCATALOG_COMPILER_GLOBAL_ACCENT_COLOR_NAME = AccentColor;
				CODE_SIGN_STYLE = Automatic;
				INFOPLIST_FILE = "Tip Calculator/Info.plist";
				LD_RUNPATH_SEARCH_PATHS = (
					"$(inherited)",
					"@executable_path/Frameworks",
				);
				PRODUCT_BUNDLE_IDENTIFIER = "vn.miichisoft.Tip-Calculator";
				PRODUCT_NAME = "$(TARGET_NAME)";
				SWIFT_VERSION = 5.0;
				TARGETED_DEVICE_FAMILY = "1,2";
			};
			name = Release;
		};
/* End XCBuildConfiguration section */

/* Begin XCConfigurationList section */
		DF2DB7C825776012005F922C /* Build configuration list for PBXProject "Tip Calculator" */ = {
			isa = XCConfigurationList;
			buildConfigurations = (
				DF2DB7DF25776014005F922C /* Debug */,
				DF2DB7E025776014005F922C /* Release */,
			);
			defaultConfigurationIsVisible = 0;
			defaultConfigurationName = Release;
		};
		DF2DB7E125776014005F922C /* Build configuration list for PBXNativeTarget "Tip Calculator" */ = {
			isa = XCConfigurationList;
			buildConfigurations = (
				DF2DB7E225776014005F922C /* Debug */,
				DF2DB7E325776014005F922C /* Release */,
			);
			defaultConfigurationIsVisible = 0;
			defaultConfigurationName = Release;
		};
/* End XCConfigurationList section */
	};
	rootObject = DF2DB7C525776012005F922C /* Project object */;
}
